{
  "version": 4,
  "terraform_version": "1.6.2",
  "serial": 7,
  "lineage": "65859aa8-ce6c-4026-d1f9-4589daa958d7",
  "outputs": {},
  "resources": [
    {
      "mode": "managed",
      "type": "azurerm_container_registry",
      "name": "res-1",
      "provider": "provider[\"registry.terraform.io/hashicorp/azurerm\"]",
      "instances": [
        {
          "schema_version": 2,
          "attributes": {
            "admin_enabled": false,
            "admin_password": "",
            "admin_username": "",
            "anonymous_pull_enabled": false,
            "data_endpoint_enabled": false,
            "encryption": [
              {
                "enabled": false,
                "identity_client_id": "",
                "key_vault_key_id": ""
              }
            ],
            "export_policy_enabled": true,
            "georeplications": [],
            "id": "/subscriptions/56dfbfd9-5a52-4e99-a925-2bffb4c7788d/resourceGroups/rg-tf-core-eus-dev-00/providers/Microsoft.ContainerRegistry/registries/crtfcoreeusdev00",
            "identity": [],
            "location": "eastus",
            "login_server": "crtfcoreeusdev00.azurecr.io",
            "name": "crtfcoreeusdev00",
            "network_rule_bypass_option": "AzureServices",
            "network_rule_set": [],
            "public_network_access_enabled": true,
            "quarantine_policy_enabled": false,
            "resource_group_name": "rg-tf-core-eus-dev-00",
            "retention_policy": [
              {
                "days": 7,
                "enabled": false
              }
            ],
            "sku": "Basic",
            "tags": {
              "application": "Lab09",
              "environment": "DEV",
              "owners": "Gani, GR, SESA470971"
            },
            "timeouts": null,
            "trust_policy": [
              {
                "enabled": false
              }
            ],
            "zone_redundancy_enabled": false
          },
          "sensitive_attributes": [],
          "private": "eyJlMmJmYjczMC1lY2FhLTExZTYtOGY4OC0zNDM2M2JjN2M0YzAiOnsiY3JlYXRlIjoxODAwMDAwMDAwMDAwLCJkZWxldGUiOjE4MDAwMDAwMDAwMDAsInJlYWQiOjMwMDAwMDAwMDAwMCwidXBkYXRlIjoxODAwMDAwMDAwMDAwfSwic2NoZW1hX3ZlcnNpb24iOiIyIn0="
        }
      ]
    },
    {
      "mode": "managed",
      "type": "azurerm_container_registry_scope_map",
      "name": "res-2",
      "provider": "provider[\"registry.terraform.io/hashicorp/azurerm\"]",
      "instances": [
        {
          "schema_version": 0,
          "attributes": {
            "actions": [
              "repositories/*/metadata/read",
              "repositories/*/metadata/write",
              "repositories/*/content/read",
              "repositories/*/content/write",
              "repositories/*/content/delete"
            ],
            "container_registry_name": "crtfcoreeusdev00",
            "description": "Can perform all read, write and delete operations on the registry",
            "id": "/subscriptions/56dfbfd9-5a52-4e99-a925-2bffb4c7788d/resourceGroups/rg-tf-core-eus-dev-00/providers/Microsoft.ContainerRegistry/registries/crtfcoreeusdev00/scopeMaps/_repositories_admin",
            "name": "_repositories_admin",
            "resource_group_name": "rg-tf-core-eus-dev-00",
            "timeouts": null
          },
          "sensitive_attributes": [],
          "private": "eyJlMmJmYjczMC1lY2FhLTExZTYtOGY4OC0zNDM2M2JjN2M0YzAiOnsiY3JlYXRlIjoxODAwMDAwMDAwMDAwLCJkZWxldGUiOjE4MDAwMDAwMDAwMDAsInJlYWQiOjMwMDAwMDAwMDAwMCwidXBkYXRlIjoxODAwMDAwMDAwMDAwfSwic2NoZW1hX3ZlcnNpb24iOiIwIn0="
        }
      ]
    },
    {
      "mode": "managed",
      "type": "azurerm_container_registry_scope_map",
      "name": "res-3",
      "provider": "provider[\"registry.terraform.io/hashicorp/azurerm\"]",
      "instances": [
        {
          "schema_version": 0,
          "attributes": {
            "actions": [
              "repositories/*/content/read"
            ],
            "container_registry_name": "crtfcoreeusdev00",
            "description": "Can pull any repository of the registry",
            "id": "/subscriptions/56dfbfd9-5a52-4e99-a925-2bffb4c7788d/resourceGroups/rg-tf-core-eus-dev-00/providers/Microsoft.ContainerRegistry/registries/crtfcoreeusdev00/scopeMaps/_repositories_pull",
            "name": "_repositories_pull",
            "resource_group_name": "rg-tf-core-eus-dev-00",
            "timeouts": null
          },
          "sensitive_attributes": [],
          "private": "eyJlMmJmYjczMC1lY2FhLTExZTYtOGY4OC0zNDM2M2JjN2M0YzAiOnsiY3JlYXRlIjoxODAwMDAwMDAwMDAwLCJkZWxldGUiOjE4MDAwMDAwMDAwMDAsInJlYWQiOjMwMDAwMDAwMDAwMCwidXBkYXRlIjoxODAwMDAwMDAwMDAwfSwic2NoZW1hX3ZlcnNpb24iOiIwIn0="
        }
      ]
    },
    {
      "mode": "managed",
      "type": "azurerm_container_registry_scope_map",
      "name": "res-4",
      "provider": "provider[\"registry.terraform.io/hashicorp/azurerm\"]",
      "instances": [
        {
          "schema_version": 0,
          "attributes": {
            "actions": [
              "repositories/*/content/read",
              "repositories/*/metadata/read"
            ],
            "container_registry_name": "crtfcoreeusdev00",
            "description": "Can perform all read operations on the registry",
            "id": "/subscriptions/56dfbfd9-5a52-4e99-a925-2bffb4c7788d/resourceGroups/rg-tf-core-eus-dev-00/providers/Microsoft.ContainerRegistry/registries/crtfcoreeusdev00/scopeMaps/_repositories_pull_metadata_read",
            "name": "_repositories_pull_metadata_read",
            "resource_group_name": "rg-tf-core-eus-dev-00",
            "timeouts": null
          },
          "sensitive_attributes": [],
          "private": "eyJlMmJmYjczMC1lY2FhLTExZTYtOGY4OC0zNDM2M2JjN2M0YzAiOnsiY3JlYXRlIjoxODAwMDAwMDAwMDAwLCJkZWxldGUiOjE4MDAwMDAwMDAwMDAsInJlYWQiOjMwMDAwMDAwMDAwMCwidXBkYXRlIjoxODAwMDAwMDAwMDAwfSwic2NoZW1hX3ZlcnNpb24iOiIwIn0="
        }
      ]
    },
    {
      "mode": "managed",
      "type": "azurerm_container_registry_scope_map",
      "name": "res-5",
      "provider": "provider[\"registry.terraform.io/hashicorp/azurerm\"]",
      "instances": [
        {
          "schema_version": 0,
          "attributes": {
            "actions": [
              "repositories/*/content/read",
              "repositories/*/content/write"
            ],
            "container_registry_name": "crtfcoreeusdev00",
            "description": "Can push to any repository of the registry",
            "id": "/subscriptions/56dfbfd9-5a52-4e99-a925-2bffb4c7788d/resourceGroups/rg-tf-core-eus-dev-00/providers/Microsoft.ContainerRegistry/registries/crtfcoreeusdev00/scopeMaps/_repositories_push",
            "name": "_repositories_push",
            "resource_group_name": "rg-tf-core-eus-dev-00",
            "timeouts": null
          },
          "sensitive_attributes": [],
          "private": "eyJlMmJmYjczMC1lY2FhLTExZTYtOGY4OC0zNDM2M2JjN2M0YzAiOnsiY3JlYXRlIjoxODAwMDAwMDAwMDAwLCJkZWxldGUiOjE4MDAwMDAwMDAwMDAsInJlYWQiOjMwMDAwMDAwMDAwMCwidXBkYXRlIjoxODAwMDAwMDAwMDAwfSwic2NoZW1hX3ZlcnNpb24iOiIwIn0="
        }
      ]
    },
    {
      "mode": "managed",
      "type": "azurerm_container_registry_scope_map",
      "name": "res-6",
      "provider": "provider[\"registry.terraform.io/hashicorp/azurerm\"]",
      "instances": [
        {
          "schema_version": 0,
          "attributes": {
            "actions": [
              "repositories/*/metadata/read",
              "repositories/*/metadata/write",
              "repositories/*/content/read",
              "repositories/*/content/write"
            ],
            "container_registry_name": "crtfcoreeusdev00",
            "description": "Can perform all read and write operations on the registry",
            "id": "/subscriptions/56dfbfd9-5a52-4e99-a925-2bffb4c7788d/resourceGroups/rg-tf-core-eus-dev-00/providers/Microsoft.ContainerRegistry/registries/crtfcoreeusdev00/scopeMaps/_repositories_push_metadata_write",
            "name": "_repositories_push_metadata_write",
            "resource_group_name": "rg-tf-core-eus-dev-00",
            "timeouts": null
          },
          "sensitive_attributes": [],
          "private": "eyJlMmJmYjczMC1lY2FhLTExZTYtOGY4OC0zNDM2M2JjN2M0YzAiOnsiY3JlYXRlIjoxODAwMDAwMDAwMDAwLCJkZWxldGUiOjE4MDAwMDAwMDAwMDAsInJlYWQiOjMwMDAwMDAwMDAwMCwidXBkYXRlIjoxODAwMDAwMDAwMDAwfSwic2NoZW1hX3ZlcnNpb24iOiIwIn0="
        }
      ]
    },
    {
      "mode": "managed",
      "type": "azurerm_resource_group",
      "name": "res-0",
      "provider": "provider[\"registry.terraform.io/hashicorp/azurerm\"]",
      "instances": [
        {
          "schema_version": 0,
          "attributes": {
            "id": "/subscriptions/56dfbfd9-5a52-4e99-a925-2bffb4c7788d/resourceGroups/rg-tf-core-eus-dev-00",
            "location": "eastus",
            "managed_by": "",
            "name": "rg-tf-core-eus-dev-00",
            "tags": {
              "application": "Lab09",
              "environment": "DEV",
              "owners": "Gani, GR, SESA470971"
            },
            "timeouts": null
          },
          "sensitive_attributes": [],
          "private": "eyJlMmJmYjczMC1lY2FhLTExZTYtOGY4OC0zNDM2M2JjN2M0YzAiOnsiY3JlYXRlIjo1NDAwMDAwMDAwMDAwLCJkZWxldGUiOjU0MDAwMDAwMDAwMDAsInJlYWQiOjMwMDAwMDAwMDAwMCwidXBkYXRlIjo1NDAwMDAwMDAwMDAwfSwic2NoZW1hX3ZlcnNpb24iOiIwIn0="
        }
      ]
    }
  ],
  "check_results": null
}
